
Microsoft Visual Studio Solution File, Format Version 12.00
# Visual Studio 15
VisualStudioVersion = 15.0.28010.2016
MinimumVisualStudioVersion = 10.0.40219.1
Project("{FAE04EC0-301F-11D3-BF4B-00C04F79EFBC}") = "Game2", "Game2\Game2.csproj", "{DF75CD82-6DFD-4EBF-950F-B07DD154D6E4}"
EndProject
Global
	GlobalSection(SolutionConfigurationPlatforms) = preSolution
		Debug|Any CPU = Debug|Any CPU
		Release|Any CPU = Release|Any CPU
	EndGlobalSection
	GlobalSection(ProjectConfigurationPlatforms) = postSolution
		{DF75CD82-6DFD-4EBF-950F-B07DD154D6E4}.Debug|Any CPU.ActiveCfg = Debug|Any CPU
		{DF75CD82-6DFD-4EBF-950F-B07DD154D6E4}.Debug|Any CPU.Build.0 = Debug|Any CPU
		{DF75CD82-6DFD-4EBF-950F-B07DD154D6E4}.Release|Any CPU.ActiveCfg = Release|Any CPU
		{DF75CD82-6DFD-4EBF-950F-B07DD154D6E4}.Release|Any CPU.Build.0 = Release|Any CPU
	EndGlobalSection
	GlobalSection(SolutionProperties) = preSolution
		HideSolutionNode = FALSE
	EndGlobalSection
	GlobalSection(ExtensibilityGlobals) = postSolution
		SolutionGuid = {727D409D-E6F7-48CE-ADB5-63612D5FA4CB}
	EndGlobalSection
EndGlobal
